// !$*UTF8*$!
{
	archiveVersion = 1;
	classes = {
	};
	objectVersion = 50;
	objects = {

/* Begin PBXBuildFile section */
		8480AF1F24E70BF2006151A5 /* TexSynTemp.cpp in Sources */ = {isa = PBXBuildFile; fileRef = 8480AF1D24E70BF2006151A5 /* TexSynTemp.cpp */; };
		849C0FF524DB689400590B1D /* main.cpp in Sources */ = {isa = PBXBuildFile; fileRef = 849C0FF424DB689400590B1D /* main.cpp */; };
		84F2452824DCA87E00001C0A /* Population.cpp in Sources */ = {isa = PBXBuildFile; fileRef = 84F2452624DCA87E00001C0A /* Population.cpp */; };
		84F2452B24DCA8A300001C0A /* Individual.cpp in Sources */ = {isa = PBXBuildFile; fileRef = 84F2452924DCA8A300001C0A /* Individual.cpp */; };
		84F2452E24DCA8C200001C0A /* UnitTests.cpp in Sources */ = {isa = PBXBuildFile; fileRef = 84F2452C24DCA8C200001C0A /* UnitTests.cpp */; };
		84F2453124DE154C00001C0A /* Utilities.cpp in Sources */ = {isa = PBXBuildFile; fileRef = 84F2452F24DE154C00001C0A /* Utilities.cpp */; };
		84F2453824E072FB00001C0A /* FunctionSet.cpp in Sources */ = {isa = PBXBuildFile; fileRef = 84F2453624E072FB00001C0A /* FunctionSet.cpp */; };
/* End PBXBuildFile section */

/* Begin PBXCopyFilesBuildPhase section */
		849C0FEF24DB689400590B1D /* CopyFiles */ = {
			isa = PBXCopyFilesBuildPhase;
			buildActionMask = 2147483647;
			dstPath = /usr/share/man/man1/;
			dstSubfolderSpec = 0;
			files = (
			);
			runOnlyForDeploymentPostprocessing = 1;
		};
/* End PBXCopyFilesBuildPhase section */

/* Begin PBXFileReference section */
		8480AF1D24E70BF2006151A5 /* TexSynTemp.cpp */ = {isa = PBXFileReference; lastKnownFileType = sourcecode.cpp.cpp; path = TexSynTemp.cpp; sourceTree = "<group>"; };
		8480AF1E24E70BF2006151A5 /* TexSynTemp.h */ = {isa = PBXFileReference; lastKnownFileType = sourcecode.c.h; path = TexSynTemp.h; sourceTree = "<group>"; };
		849C0FF124DB689400590B1D /* LazyPredator */ = {isa = PBXFileReference; explicitFileType = "compiled.mach-o.executable"; includeInIndex = 0; path = LazyPredator; sourceTree = BUILT_PRODUCTS_DIR; };
		849C0FF424DB689400590B1D /* main.cpp */ = {isa = PBXFileReference; lastKnownFileType = sourcecode.cpp.cpp; path = main.cpp; sourceTree = "<group>"; };
		84F2452624DCA87E00001C0A /* Population.cpp */ = {isa = PBXFileReference; lastKnownFileType = sourcecode.cpp.cpp; path = Population.cpp; sourceTree = "<group>"; };
		84F2452724DCA87E00001C0A /* Population.h */ = {isa = PBXFileReference; lastKnownFileType = sourcecode.c.h; path = Population.h; sourceTree = "<group>"; };
		84F2452924DCA8A300001C0A /* Individual.cpp */ = {isa = PBXFileReference; lastKnownFileType = sourcecode.cpp.cpp; path = Individual.cpp; sourceTree = "<group>"; };
		84F2452A24DCA8A300001C0A /* Individual.h */ = {isa = PBXFileReference; lastKnownFileType = sourcecode.c.h; path = Individual.h; sourceTree = "<group>"; };
		84F2452C24DCA8C200001C0A /* UnitTests.cpp */ = {isa = PBXFileReference; lastKnownFileType = sourcecode.cpp.cpp; path = UnitTests.cpp; sourceTree = "<group>"; };
		84F2452D24DCA8C200001C0A /* UnitTests.h */ = {isa = PBXFileReference; lastKnownFileType = sourcecode.c.h; path = UnitTests.h; sourceTree = "<group>"; };
		84F2452F24DE154C00001C0A /* Utilities.cpp */ = {isa = PBXFileReference; lastKnownFileType = sourcecode.cpp.cpp; path = Utilities.cpp; sourceTree = "<group>"; };
		84F2453024DE154C00001C0A /* Utilities.h */ = {isa = PBXFileReference; lastKnownFileType = sourcecode.c.h; path = Utilities.h; sourceTree = "<group>"; };
		84F2453224DE172000001C0A /* LazyPredator.h */ = {isa = PBXFileReference; lastKnownFileType = sourcecode.c.h; path = LazyPredator.h; sourceTree = "<group>"; };
		84F2453624E072FB00001C0A /* FunctionSet.cpp */ = {isa = PBXFileReference; lastKnownFileType = sourcecode.cpp.cpp; path = FunctionSet.cpp; sourceTree = "<group>"; };
		84F2453724E072FB00001C0A /* FunctionSet.h */ = {isa = PBXFileReference; lastKnownFileType = sourcecode.c.h; path = FunctionSet.h; sourceTree = "<group>"; };
/* End PBXFileReference section */

/* Begin PBXFrameworksBuildPhase section */
		849C0FEE24DB689400590B1D /* Frameworks */ = {
			isa = PBXFrameworksBuildPhase;
			buildActionMask = 2147483647;
			files = (
			);
			runOnlyForDeploymentPostprocessing = 0;
		};
/* End PBXFrameworksBuildPhase section */

/* Begin PBXGroup section */
		849C0FE824DB689400590B1D = {
			isa = PBXGroup;
			children = (
				84F2453724E072FB00001C0A /* FunctionSet.h */,
				84F2453624E072FB00001C0A /* FunctionSet.cpp */,
				84F2452A24DCA8A300001C0A /* Individual.h */,
				84F2452924DCA8A300001C0A /* Individual.cpp */,
				84F2453224DE172000001C0A /* LazyPredator.h */,
				849C0FF424DB689400590B1D /* main.cpp */,
				84F2452724DCA87E00001C0A /* Population.h */,
				84F2452624DCA87E00001C0A /* Population.cpp */,
				8480AF1E24E70BF2006151A5 /* TexSynTemp.h */,
				8480AF1D24E70BF2006151A5 /* TexSynTemp.cpp */,
				84F2452D24DCA8C200001C0A /* UnitTests.h */,
				84F2452C24DCA8C200001C0A /* UnitTests.cpp */,
				84F2453024DE154C00001C0A /* Utilities.h */,
				84F2452F24DE154C00001C0A /* Utilities.cpp */,
				849C0FF224DB689400590B1D /* Products */,
			);
			sourceTree = "<group>";
		};
		849C0FF224DB689400590B1D /* Products */ = {
			isa = PBXGroup;
			children = (
				849C0FF124DB689400590B1D /* LazyPredator */,
			);
			name = Products;
			sourceTree = "<group>";
		};
/* End PBXGroup section */

/* Begin PBXNativeTarget section */
		849C0FF024DB689400590B1D /* LazyPredator */ = {
			isa = PBXNativeTarget;
			buildConfigurationList = 849C0FF824DB689400590B1D /* Build configuration list for PBXNativeTarget "LazyPredator" */;
			buildPhases = (
				849C0FED24DB689400590B1D /* Sources */,
				849C0FEE24DB689400590B1D /* Frameworks */,
				849C0FEF24DB689400590B1D /* CopyFiles */,
			);
			buildRules = (
			);
			dependencies = (
			);
			name = LazyPredator;
			productName = LazyPredator;
			productReference = 849C0FF124DB689400590B1D /* LazyPredator */;
			productType = "com.apple.product-type.tool";
		};
/* End PBXNativeTarget section */

/* Begin PBXProject section */
		849C0FE924DB689400590B1D /* Project object */ = {
			isa = PBXProject;
			attributes = {
				LastUpgradeCheck = 1160;
				ORGANIZATIONNAME = "Craig Reynolds";
				TargetAttributes = {
					849C0FF024DB689400590B1D = {
						CreatedOnToolsVersion = 11.6;
					};
				};
			};
			buildConfigurationList = 849C0FEC24DB689400590B1D /* Build configuration list for PBXProject "LazyPredator" */;
			compatibilityVersion = "Xcode 9.3";
			developmentRegion = en;
			hasScannedForEncodings = 0;
			knownRegions = (
				en,
				Base,
			);
			mainGroup = 849C0FE824DB689400590B1D;
			productRefGroup = 849C0FF224DB689400590B1D /* Products */;
			projectDirPath = "";
			projectRoot = "";
			targets = (
				849C0FF024DB689400590B1D /* LazyPredator */,
			);
		};
/* End PBXProject section */

/* Begin PBXSourcesBuildPhase section */
		849C0FED24DB689400590B1D /* Sources */ = {
			isa = PBXSourcesBuildPhase;
			buildActionMask = 2147483647;
			files = (
				84F2453824E072FB00001C0A /* FunctionSet.cpp in Sources */,
				84F2452824DCA87E00001C0A /* Population.cpp in Sources */,
				84F2452E24DCA8C200001C0A /* UnitTests.cpp in Sources */,
				8480AF1F24E70BF2006151A5 /* TexSynTemp.cpp in Sources */,
				849C0FF524DB689400590B1D /* main.cpp in Sources */,
				84F2452B24DCA8A300001C0A /* Individual.cpp in Sources */,
				84F2453124DE154C00001C0A /* Utilities.cpp in Sources */,
			);
			runOnlyForDeploymentPostprocessing = 0;
		};
/* End PBXSourcesBuildPhase section */

/* Begin XCBuildConfiguration section */
		849C0FF624DB689400590B1D /* Debug */ = {
			isa = XCBuildConfiguration;
			buildSettings = {
				ALWAYS_SEARCH_USER_PATHS = NO;
				CLANG_ANALYZER_NONNULL = YES;
				CLANG_ANALYZER_NUMBER_OBJECT_CONVERSION = YES_AGGRESSIVE;
				CLANG_CXX_LANGUAGE_STANDARD = "gnu++17";
				CLANG_CXX_LIBRARY = "libc++";
				CLANG_ENABLE_MODULES = YES;
				CLANG_ENABLE_OBJC_ARC = YES;
				CLANG_ENABLE_OBJC_WEAK = YES;
				CLANG_WARN_BLOCK_CAPTURE_AUTORELEASING = YES;
				CLANG_WARN_BOOL_CONVERSION = YES;
				CLANG_WARN_COMMA = YES;
				CLANG_WARN_CONSTANT_CONVERSION = YES;
				CLANG_WARN_DEPRECATED_OBJC_IMPLEMENTATIONS = YES;
				CLANG_WARN_DIRECT_OBJC_ISA_USAGE = YES_ERROR;
				CLANG_WARN_DOCUMENTATION_COMMENTS = YES;
				CLANG_WARN_EMPTY_BODY = YES;
				CLANG_WARN_ENUM_CONVERSION = YES;
				CLANG_WARN_INFINITE_RECURSION = YES;
				CLANG_WARN_INT_CONVERSION = YES;
				CLANG_WARN_NON_LITERAL_NULL_CONVERSION = YES;
				CLANG_WARN_OBJC_IMPLICIT_RETAIN_SELF = YES;
				CLANG_WARN_OBJC_LITERAL_CONVERSION = YES;
				CLANG_WARN_OBJC_ROOT_CLASS = YES_ERROR;
				CLANG_WARN_RANGE_LOOP_ANALYSIS = YES;
				CLANG_WARN_STRICT_PROTOTYPES = YES;
				CLANG_WARN_SUSPICIOUS_MOVE = YES;
				CLANG_WARN_UNGUARDED_AVAILABILITY = YES_AGGRESSIVE;
				CLANG_WARN_UNREACHABLE_CODE = YES;
				CLANG_WARN__DUPLICATE_METHOD_MATCH = YES;
				COPY_PHASE_STRIP = NO;
				DEBUG_INFORMATION_FORMAT = dwarf;
				ENABLE_STRICT_OBJC_MSGSEND = YES;
				ENABLE_TESTABILITY = YES;
				GCC_C_LANGUAGE_STANDARD = gnu11;
				GCC_DYNAMIC_NO_PIC = NO;
				GCC_NO_COMMON_BLOCKS = YES;
				GCC_OPTIMIZATION_LEVEL = 0;
				GCC_PREPROCESSOR_DEFINITIONS = (
					"DEBUG=1",
					"$(inherited)",
				);
				GCC_WARN_64_TO_32_BIT_CONVERSION = YES;
				GCC_WARN_ABOUT_RETURN_TYPE = YES_ERROR;
				GCC_WARN_UNDECLARED_SELECTOR = YES;
				GCC_WARN_UNINITIALIZED_AUTOS = YES_AGGRESSIVE;
				GCC_WARN_UNUSED_FUNCTION = YES;
				GCC_WARN_UNUSED_VARIABLE = YES;
				MACOSX_DEPLOYMENT_TARGET = 10.15;
				MTL_ENABLE_DEBUG_INFO = INCLUDE_SOURCE;
				MTL_FAST_MATH = YES;
				ONLY_ACTIVE_ARCH = YES;
				SDKROOT = macosx;
			};
			name = Debug;
		};
		849C0FF724DB689400590B1D /* Release */ = {
			isa = XCBuildConfiguration;
			buildSettings = {
				ALWAYS_SEARCH_USER_PATHS = NO;
				CLANG_ANALYZER_NONNULL = YES;
				CLANG_ANALYZER_NUMBER_OBJECT_CONVERSION = YES_AGGRESSIVE;
				CLANG_CXX_LANGUAGE_STANDARD = "gnu++17";
				CLANG_CXX_LIBRARY = "libc++";
				CLANG_ENABLE_MODULES = YES;
				CLANG_ENABLE_OBJC_ARC = YES;
				CLANG_ENABLE_OBJC_WEAK = YES;
				CLANG_WARN_BLOCK_CAPTURE_AUTORELEASING = YES;
				CLANG_WARN_BOOL_CONVERSION = YES;
				CLANG_WARN_COMMA = YES;
				CLANG_WARN_CONSTANT_CONVERSION = YES;
				CLANG_WARN_DEPRECATED_OBJC_IMPLEMENTATIONS = YES;
				CLANG_WARN_DIRECT_OBJC_ISA_USAGE = YES_ERROR;
				CLANG_WARN_DOCUMENTATION_COMMENTS = YES;
				CLANG_WARN_EMPTY_BODY = YES;
				CLANG_WARN_ENUM_CONVERSION = YES;
				CLANG_WARN_INFINITE_RECURSION = YES;
				CLANG_WARN_INT_CONVERSION = YES;
				CLANG_WARN_NON_LITERAL_NULL_CONVERSION = YES;
				CLANG_WARN_OBJC_IMPLICIT_RETAIN_SELF = YES;
				CLANG_WARN_OBJC_LITERAL_CONVERSION = YES;
				CLANG_WARN_OBJC_ROOT_CLASS = YES_ERROR;
				CLANG_WARN_RANGE_LOOP_ANALYSIS = YES;
				CLANG_WARN_STRICT_PROTOTYPES = YES;
				CLANG_WARN_SUSPICIOUS_MOVE = YES;
				CLANG_WARN_UNGUARDED_AVAILABILITY = YES_AGGRESSIVE;
				CLANG_WARN_UNREACHABLE_CODE = YES;
				CLANG_WARN__DUPLICATE_METHOD_MATCH = YES;
				COPY_PHASE_STRIP = NO;
				DEBUG_INFORMATION_FORMAT = "dwarf-with-dsym";
				ENABLE_NS_ASSERTIONS = NO;
				ENABLE_STRICT_OBJC_MSGSEND = YES;
				GCC_C_LANGUAGE_STANDARD = gnu11;
				GCC_NO_COMMON_BLOCKS = YES;
				GCC_WARN_64_TO_32_BIT_CONVERSION = YES;
				GCC_WARN_ABOUT_RETURN_TYPE = YES_ERROR;
				GCC_WARN_UNDECLARED_SELECTOR = YES;
				GCC_WARN_UNINITIALIZED_AUTOS = YES_AGGRESSIVE;
				GCC_WARN_UNUSED_FUNCTION = YES;
				GCC_WARN_UNUSED_VARIABLE = YES;
				MACOSX_DEPLOYMENT_TARGET = 10.15;
				MTL_ENABLE_DEBUG_INFO = NO;
				MTL_FAST_MATH = YES;
				SDKROOT = macosx;
			};
			name = Release;
		};
		849C0FF924DB689400590B1D /* Debug */ = {
			isa = XCBuildConfiguration;
			buildSettings = {
				CODE_SIGN_STYLE = Automatic;
				PRODUCT_NAME = "$(TARGET_NAME)";
			};
			name = Debug;
		};
		849C0FFA24DB689400590B1D /* Release */ = {
			isa = XCBuildConfiguration;
			buildSettings = {
				CODE_SIGN_STYLE = Automatic;
				PRODUCT_NAME = "$(TARGET_NAME)";
			};
			name = Release;
		};
/* End XCBuildConfiguration section */

/* Begin XCConfigurationList section */
		849C0FEC24DB689400590B1D /* Build configuration list for PBXProject "LazyPredator" */ = {
			isa = XCConfigurationList;
			buildConfigurations = (
				849C0FF624DB689400590B1D /* Debug */,
				849C0FF724DB689400590B1D /* Release */,
			);
			defaultConfigurationIsVisible = 0;
			defaultConfigurationName = Release;
		};
		849C0FF824DB689400590B1D /* Build configuration list for PBXNativeTarget "LazyPredator" */ = {
			isa = XCConfigurationList;
			buildConfigurations = (
				849C0FF924DB689400590B1D /* Debug */,
				849C0FFA24DB689400590B1D /* Release */,
			);
			defaultConfigurationIsVisible = 0;
			defaultConfigurationName = Release;
		};
/* End XCConfigurationList section */
	};
	rootObject = 849C0FE924DB689400590B1D /* Project object */;
}
